
Microsoft Visual Studio Solution File, Format Version 12.00
# Visual Studio Version 17
VisualStudioVersion = 17.6.33626.354
MinimumVisualStudioVersion = 10.0.40219.1
Project("{9A19103F-16F7-4668-BE54-9A1E7A4F7556}") = "SS23-SWEN2-TourPlanner-WPF", "SS23-SWEN2-TourPlanner-WPF\SS23-SWEN2-TourPlanner-WPF.csproj", "{75F3CEC9-CAB3-4E36-8699-8E1802F13613}"
EndProject
Project("{9A19103F-16F7-4668-BE54-9A1E7A4F7556}") = "SS23-SWEN2-TourPlanner-WPF.Models", "SS23-SWEN2-TourPlanner-WPF.Models\SS23-SWEN2-TourPlanner-WPF.Models.csproj", "{7969BE9F-FD69-487B-8276-C7E131824A16}"
EndProject
Project("{9A19103F-16F7-4668-BE54-9A1E7A4F7556}") = "SS23-SWEN2-TourPlanner-WPF.Log4Net", "SS23-SWEN2-TourPlanner-WPF.Log4Net\SS23-SWEN2-TourPlanner-WPF.Log4Net.csproj", "{2ABD0D0A-389C-4B4F-AC2D-4B00237B65FB}"
EndProject
Global
	GlobalSection(SolutionConfigurationPlatforms) = preSolution
		Debug|Any CPU = Debug|Any CPU
		Release|Any CPU = Release|Any CPU
	EndGlobalSection
	GlobalSection(ProjectConfigurationPlatforms) = postSolution
		{75F3CEC9-CAB3-4E36-8699-8E1802F13613}.Debug|Any CPU.ActiveCfg = Debug|Any CPU
		{75F3CEC9-CAB3-4E36-8699-8E1802F13613}.Debug|Any CPU.Build.0 = Debug|Any CPU
		{75F3CEC9-CAB3-4E36-8699-8E1802F13613}.Release|Any CPU.ActiveCfg = Release|Any CPU
		{75F3CEC9-CAB3-4E36-8699-8E1802F13613}.Release|Any CPU.Build.0 = Release|Any CPU
		{7969BE9F-FD69-487B-8276-C7E131824A16}.Debug|Any CPU.ActiveCfg = Debug|Any CPU
		{7969BE9F-FD69-487B-8276-C7E131824A16}.Debug|Any CPU.Build.0 = Debug|Any CPU
		{7969BE9F-FD69-487B-8276-C7E131824A16}.Release|Any CPU.ActiveCfg = Release|Any CPU
		{7969BE9F-FD69-487B-8276-C7E131824A16}.Release|Any CPU.Build.0 = Release|Any CPU
		{2ABD0D0A-389C-4B4F-AC2D-4B00237B65FB}.Debug|Any CPU.ActiveCfg = Debug|Any CPU
		{2ABD0D0A-389C-4B4F-AC2D-4B00237B65FB}.Debug|Any CPU.Build.0 = Debug|Any CPU
		{2ABD0D0A-389C-4B4F-AC2D-4B00237B65FB}.Release|Any CPU.ActiveCfg = Release|Any CPU
		{2ABD0D0A-389C-4B4F-AC2D-4B00237B65FB}.Release|Any CPU.Build.0 = Release|Any CPU
	EndGlobalSection
	GlobalSection(SolutionProperties) = preSolution
		HideSolutionNode = FALSE
	EndGlobalSection
	GlobalSection(ExtensibilityGlobals) = postSolution
		SolutionGuid = {0FFFBC40-0124-4C46-9431-FB55A086AE28}
	EndGlobalSection
EndGlobal
