
Microsoft Visual Studio Solution File, Format Version 12.00
# Visual Studio Version 17
VisualStudioVersion = 17.6.33626.354
MinimumVisualStudioVersion = 10.0.40219.1
Project("{FAE04EC0-301F-11D3-BF4B-00C04F79EFBC}") = "SS23-SWEN2-TourPlanner-WPF", "SS23-SWEN2-TourPlanner-WPF\SS23-SWEN2-TourPlanner-WPF.csproj", "{75F3CEC9-CAB3-4E36-8699-8E1802F13613}"
EndProject
Project("{FAE04EC0-301F-11D3-BF4B-00C04F79EFBC}") = "SS23-SWEN2-TourPlanner-WPF.ViewModels", "SS23-SWEN2-TourPlanner-WPF.ViewModels\SS23-SWEN2-TourPlanner-WPF.ViewModels.csproj", "{F8AA7CAD-9B74-4CA6-B2C4-27960305C285}"
EndProject
Project("{FAE04EC0-301F-11D3-BF4B-00C04F79EFBC}") = "SS23-SWEN2-TourPlanner-WPF.Views", "SS23-SWEN2-TourPlanner-WPF.Views\SS23-SWEN2-TourPlanner-WPF.Views.csproj", "{DEA72E06-42E8-4F6E-B18C-FE21A4BC3F6C}"
EndProject
Project("{FAE04EC0-301F-11D3-BF4B-00C04F79EFBC}") = "SS23-SWEN2-TourPlanner-WPF.Models", "SS23-SWEN2-TourPlanner-WPF.Models\SS23-SWEN2-TourPlanner-WPF.Models.csproj", "{7969BE9F-FD69-487B-8276-C7E131824A16}"
EndProject
Project("{FAE04EC0-301F-11D3-BF4B-00C04F79EFBC}") = "SS23-SWEN2-TourPlanner-WPF.Log4Net", "SS23-SWEN2-TourPlanner-WPF.Log4Net\SS23-SWEN2-TourPlanner-WPF.Log4Net.csproj", "{2ABD0D0A-389C-4B4F-AC2D-4B00237B65FB}"
EndProject
Global
	GlobalSection(SolutionConfigurationPlatforms) = preSolution
		Debug|Any CPU = Debug|Any CPU
		Release|Any CPU = Release|Any CPU
	EndGlobalSection
	GlobalSection(ProjectConfigurationPlatforms) = postSolution
		{75F3CEC9-CAB3-4E36-8699-8E1802F13613}.Debug|Any CPU.ActiveCfg = Debug|Any CPU
		{75F3CEC9-CAB3-4E36-8699-8E1802F13613}.Debug|Any CPU.Build.0 = Debug|Any CPU
		{75F3CEC9-CAB3-4E36-8699-8E1802F13613}.Release|Any CPU.ActiveCfg = Release|Any CPU
		{75F3CEC9-CAB3-4E36-8699-8E1802F13613}.Release|Any CPU.Build.0 = Release|Any CPU
		{F8AA7CAD-9B74-4CA6-B2C4-27960305C285}.Debug|Any CPU.ActiveCfg = Debug|Any CPU
		{F8AA7CAD-9B74-4CA6-B2C4-27960305C285}.Debug|Any CPU.Build.0 = Debug|Any CPU
		{F8AA7CAD-9B74-4CA6-B2C4-27960305C285}.Release|Any CPU.ActiveCfg = Release|Any CPU
		{F8AA7CAD-9B74-4CA6-B2C4-27960305C285}.Release|Any CPU.Build.0 = Release|Any CPU
		{DEA72E06-42E8-4F6E-B18C-FE21A4BC3F6C}.Debug|Any CPU.ActiveCfg = Debug|Any CPU
		{DEA72E06-42E8-4F6E-B18C-FE21A4BC3F6C}.Debug|Any CPU.Build.0 = Debug|Any CPU
		{DEA72E06-42E8-4F6E-B18C-FE21A4BC3F6C}.Release|Any CPU.ActiveCfg = Release|Any CPU
		{DEA72E06-42E8-4F6E-B18C-FE21A4BC3F6C}.Release|Any CPU.Build.0 = Release|Any CPU
		{7969BE9F-FD69-487B-8276-C7E131824A16}.Debug|Any CPU.ActiveCfg = Debug|Any CPU
		{7969BE9F-FD69-487B-8276-C7E131824A16}.Debug|Any CPU.Build.0 = Debug|Any CPU
		{7969BE9F-FD69-487B-8276-C7E131824A16}.Release|Any CPU.ActiveCfg = Release|Any CPU
		{7969BE9F-FD69-487B-8276-C7E131824A16}.Release|Any CPU.Build.0 = Release|Any CPU
		{2ABD0D0A-389C-4B4F-AC2D-4B00237B65FB}.Debug|Any CPU.ActiveCfg = Debug|Any CPU
		{2ABD0D0A-389C-4B4F-AC2D-4B00237B65FB}.Debug|Any CPU.Build.0 = Debug|Any CPU
		{2ABD0D0A-389C-4B4F-AC2D-4B00237B65FB}.Release|Any CPU.ActiveCfg = Release|Any CPU
		{2ABD0D0A-389C-4B4F-AC2D-4B00237B65FB}.Release|Any CPU.Build.0 = Release|Any CPU
	EndGlobalSection
	GlobalSection(SolutionProperties) = preSolution
		HideSolutionNode = FALSE
	EndGlobalSection
	GlobalSection(ExtensibilityGlobals) = postSolution
		SolutionGuid = {0FFFBC40-0124-4C46-9431-FB55A086AE28}
	EndGlobalSection
EndGlobal
